
Microsoft Visual Studio Solution File, Format Version 12.00
# Visual Studio Version 17
VisualStudioVersion = 17.6.33723.286
MinimumVisualStudioVersion = 10.0.40219.1
Project("{8BC9CEB8-8B4A-11D0-8D11-00A0C91BC942}") = "TALT", "TALT.vcxproj", "{367470FB-AE96-485C-8172-EB666ACBD86F}"
EndProject
Global
	GlobalSection(SolutionConfigurationPlatforms) = preSolution
		Debug|x64 = Debug|x64
		Debug|x86 = Debug|x86
		Release|x64 = Release|x64
		Release|x86 = Release|x86
	EndGlobalSection
	GlobalSection(ProjectConfigurationPlatforms) = postSolution
		{367470FB-AE96-485C-8172-EB666ACBD86F}.Debug|x64.ActiveCfg = Debug|x64
		{367470FB-AE96-485C-8172-EB666ACBD86F}.Debug|x64.Build.0 = Debug|x64
		{367470FB-AE96-485C-8172-EB666ACBD86F}.Debug|x86.ActiveCfg = Debug|Win32
		{367470FB-AE96-485C-8172-EB666ACBD86F}.Debug|x86.Build.0 = Debug|Win32
		{367470FB-AE96-485C-8172-EB666ACBD86F}.Release|x64.ActiveCfg = Release|x64
		{367470FB-AE96-485C-8172-EB666ACBD86F}.Release|x64.Build.0 = Release|x64
		{367470FB-AE96-485C-8172-EB666ACBD86F}.Release|x86.ActiveCfg = Release|Win32
		{367470FB-AE96-485C-8172-EB666ACBD86F}.Release|x86.Build.0 = Release|Win32
	EndGlobalSection
	GlobalSection(SolutionProperties) = preSolution
		HideSolutionNode = FALSE
	EndGlobalSection
	GlobalSection(ExtensibilityGlobals) = postSolution
		SolutionGuid = {C5ED466A-D4CB-4A46-B64F-034A669D1DF5}
	EndGlobalSection
EndGlobal
